
Microsoft Visual Studio Solution File, Format Version 12.00
# Visual Studio Version 17
VisualStudioVersion = 17.0.31903.59
MinimumVisualStudioVersion = 10.0.40219.1
Project("{FAE04EC0-301F-11D3-BF4B-00C04F79EFBC}") = "CCUI.Terminal", "CCUI.Terminal\CCUI.Terminal.csproj", "{75F7B2FE-8037-47D3-9514-96ED098AE450}"
EndProject
Project("{FAE04EC0-301F-11D3-BF4B-00C04F79EFBC}") = "CCUI.Terminal.Wpf", "CCUI.Terminal.Wpf\CCUI.Terminal.Wpf.csproj", "{7A6AB507-343A-4FAD-9CEC-F06312AA7C70}"
EndProject
Project("{FAE04EC0-301F-11D3-BF4B-00C04F79EFBC}") = "CCUI.Core", "CCUI.Core\CCUI.Core.csproj", "{35EAE660-70F5-4B45-AC93-556719744133}"
EndProject
Project("{FAE04EC0-301F-11D3-BF4B-00C04F79EFBC}") = "CCUI.App", "CCUI.App\CCUI.App.csproj", "{6559B332-178E-498C-B552-69F9BF76DC95}"
EndProject
Project("{2150E333-8FDC-42A3-9474-1A3956D46DE8}") = "tests", "tests", "{0AB3BF05-4346-4AA6-1389-037BE0695223}"
EndProject
Project("{FAE04EC0-301F-11D3-BF4B-00C04F79EFBC}") = "CCUI.Terminal.Tests", "CCUI.Terminal.Tests\CCUI.Terminal.Tests.csproj", "{83C3C2B9-5630-4FE3-A99D-72C0692F37D2}"
EndProject
Project("{FAE04EC0-301F-11D3-BF4B-00C04F79EFBC}") = "CCUI.Core.Tests", "CCUI.Core.Tests\CCUI.Core.Tests.csproj", "{E1AC47E7-1CBD-4560-876C-B14DC66133CC}"
EndProject
Project("{FAE04EC0-301F-11D3-BF4B-00C04F79EFBC}") = "CCUI.App.Tests", "CCUI.App.Tests\CCUI.App.Tests.csproj", "{E39D5898-690B-4B7A-91FF-37260CC5634C}"
EndProject
Global
	GlobalSection(SolutionConfigurationPlatforms) = preSolution
		Debug|Any CPU = Debug|Any CPU
		Debug|x64 = Debug|x64
		Debug|x86 = Debug|x86
		Release|Any CPU = Release|Any CPU
		Release|x64 = Release|x64
		Release|x86 = Release|x86
	EndGlobalSection
	GlobalSection(ProjectConfigurationPlatforms) = postSolution
		{75F7B2FE-8037-47D3-9514-96ED098AE450}.Debug|Any CPU.ActiveCfg = Debug|Any CPU
		{75F7B2FE-8037-47D3-9514-96ED098AE450}.Debug|Any CPU.Build.0 = Debug|Any CPU
		{75F7B2FE-8037-47D3-9514-96ED098AE450}.Debug|x64.ActiveCfg = Debug|Any CPU
		{75F7B2FE-8037-47D3-9514-96ED098AE450}.Debug|x64.Build.0 = Debug|Any CPU
		{75F7B2FE-8037-47D3-9514-96ED098AE450}.Debug|x86.ActiveCfg = Debug|Any CPU
		{75F7B2FE-8037-47D3-9514-96ED098AE450}.Debug|x86.Build.0 = Debug|Any CPU
		{75F7B2FE-8037-47D3-9514-96ED098AE450}.Release|Any CPU.ActiveCfg = Release|Any CPU
		{75F7B2FE-8037-47D3-9514-96ED098AE450}.Release|Any CPU.Build.0 = Release|Any CPU
		{75F7B2FE-8037-47D3-9514-96ED098AE450}.Release|x64.ActiveCfg = Release|Any CPU
		{75F7B2FE-8037-47D3-9514-96ED098AE450}.Release|x64.Build.0 = Release|Any CPU
		{75F7B2FE-8037-47D3-9514-96ED098AE450}.Release|x86.ActiveCfg = Release|Any CPU
		{75F7B2FE-8037-47D3-9514-96ED098AE450}.Release|x86.Build.0 = Release|Any CPU
		{7A6AB507-343A-4FAD-9CEC-F06312AA7C70}.Debug|Any CPU.ActiveCfg = Debug|Any CPU
		{7A6AB507-343A-4FAD-9CEC-F06312AA7C70}.Debug|Any CPU.Build.0 = Debug|Any CPU
		{7A6AB507-343A-4FAD-9CEC-F06312AA7C70}.Debug|x64.ActiveCfg = Debug|Any CPU
		{7A6AB507-343A-4FAD-9CEC-F06312AA7C70}.Debug|x64.Build.0 = Debug|Any CPU
		{7A6AB507-343A-4FAD-9CEC-F06312AA7C70}.Debug|x86.ActiveCfg = Debug|Any CPU
		{7A6AB507-343A-4FAD-9CEC-F06312AA7C70}.Debug|x86.Build.0 = Debug|Any CPU
		{7A6AB507-343A-4FAD-9CEC-F06312AA7C70}.Release|Any CPU.ActiveCfg = Release|Any CPU
		{7A6AB507-343A-4FAD-9CEC-F06312AA7C70}.Release|Any CPU.Build.0 = Release|Any CPU
		{7A6AB507-343A-4FAD-9CEC-F06312AA7C70}.Release|x64.ActiveCfg = Release|Any CPU
		{7A6AB507-343A-4FAD-9CEC-F06312AA7C70}.Release|x64.Build.0 = Release|Any CPU
		{7A6AB507-343A-4FAD-9CEC-F06312AA7C70}.Release|x86.ActiveCfg = Release|Any CPU
		{7A6AB507-343A-4FAD-9CEC-F06312AA7C70}.Release|x86.Build.0 = Release|Any CPU
		{35EAE660-70F5-4B45-AC93-556719744133}.Debug|Any CPU.ActiveCfg = Debug|Any CPU
		{35EAE660-70F5-4B45-AC93-556719744133}.Debug|Any CPU.Build.0 = Debug|Any CPU
		{35EAE660-70F5-4B45-AC93-556719744133}.Debug|x64.ActiveCfg = Debug|Any CPU
		{35EAE660-70F5-4B45-AC93-556719744133}.Debug|x64.Build.0 = Debug|Any CPU
		{35EAE660-70F5-4B45-AC93-556719744133}.Debug|x86.ActiveCfg = Debug|Any CPU
		{35EAE660-70F5-4B45-AC93-556719744133}.Debug|x86.Build.0 = Debug|Any CPU
		{35EAE660-70F5-4B45-AC93-556719744133}.Release|Any CPU.ActiveCfg = Release|Any CPU
		{35EAE660-70F5-4B45-AC93-556719744133}.Release|Any CPU.Build.0 = Release|Any CPU
		{35EAE660-70F5-4B45-AC93-556719744133}.Release|x64.ActiveCfg = Release|Any CPU
		{35EAE660-70F5-4B45-AC93-556719744133}.Release|x64.Build.0 = Release|Any CPU
		{35EAE660-70F5-4B45-AC93-556719744133}.Release|x86.ActiveCfg = Release|Any CPU
		{35EAE660-70F5-4B45-AC93-556719744133}.Release|x86.Build.0 = Release|Any CPU
		{6559B332-178E-498C-B552-69F9BF76DC95}.Debug|Any CPU.ActiveCfg = Debug|Any CPU
		{6559B332-178E-498C-B552-69F9BF76DC95}.Debug|Any CPU.Build.0 = Debug|Any CPU
		{6559B332-178E-498C-B552-69F9BF76DC95}.Debug|x64.ActiveCfg = Debug|Any CPU
		{6559B332-178E-498C-B552-69F9BF76DC95}.Debug|x64.Build.0 = Debug|Any CPU
		{6559B332-178E-498C-B552-69F9BF76DC95}.Debug|x86.ActiveCfg = Debug|Any CPU
		{6559B332-178E-498C-B552-69F9BF76DC95}.Debug|x86.Build.0 = Debug|Any CPU
		{6559B332-178E-498C-B552-69F9BF76DC95}.Release|Any CPU.ActiveCfg = Release|Any CPU
		{6559B332-178E-498C-B552-69F9BF76DC95}.Release|Any CPU.Build.0 = Release|Any CPU
		{6559B332-178E-498C-B552-69F9BF76DC95}.Release|x64.ActiveCfg = Release|Any CPU
		{6559B332-178E-498C-B552-69F9BF76DC95}.Release|x64.Build.0 = Release|Any CPU
		{6559B332-178E-498C-B552-69F9BF76DC95}.Release|x86.ActiveCfg = Release|Any CPU
		{6559B332-178E-498C-B552-69F9BF76DC95}.Release|x86.Build.0 = Release|Any CPU
		{83C3C2B9-5630-4FE3-A99D-72C0692F37D2}.Debug|Any CPU.ActiveCfg = Debug|Any CPU
		{83C3C2B9-5630-4FE3-A99D-72C0692F37D2}.Debug|Any CPU.Build.0 = Debug|Any CPU
		{83C3C2B9-5630-4FE3-A99D-72C0692F37D2}.Debug|x64.ActiveCfg = Debug|Any CPU
		{83C3C2B9-5630-4FE3-A99D-72C0692F37D2}.Debug|x64.Build.0 = Debug|Any CPU
		{83C3C2B9-5630-4FE3-A99D-72C0692F37D2}.Debug|x86.ActiveCfg = Debug|Any CPU
		{83C3C2B9-5630-4FE3-A99D-72C0692F37D2}.Debug|x86.Build.0 = Debug|Any CPU
		{83C3C2B9-5630-4FE3-A99D-72C0692F37D2}.Release|Any CPU.ActiveCfg = Release|Any CPU
		{83C3C2B9-5630-4FE3-A99D-72C0692F37D2}.Release|Any CPU.Build.0 = Release|Any CPU
		{83C3C2B9-5630-4FE3-A99D-72C0692F37D2}.Release|x64.ActiveCfg = Release|Any CPU
		{83C3C2B9-5630-4FE3-A99D-72C0692F37D2}.Release|x64.Build.0 = Release|Any CPU
		{83C3C2B9-5630-4FE3-A99D-72C0692F37D2}.Release|x86.ActiveCfg = Release|Any CPU
		{83C3C2B9-5630-4FE3-A99D-72C0692F37D2}.Release|x86.Build.0 = Release|Any CPU
		{E1AC47E7-1CBD-4560-876C-B14DC66133CC}.Debug|Any CPU.ActiveCfg = Debug|Any CPU
		{E1AC47E7-1CBD-4560-876C-B14DC66133CC}.Debug|Any CPU.Build.0 = Debug|Any CPU
		{E1AC47E7-1CBD-4560-876C-B14DC66133CC}.Debug|x64.ActiveCfg = Debug|Any CPU
		{E1AC47E7-1CBD-4560-876C-B14DC66133CC}.Debug|x64.Build.0 = Debug|Any CPU
		{E1AC47E7-1CBD-4560-876C-B14DC66133CC}.Debug|x86.ActiveCfg = Debug|Any CPU
		{E1AC47E7-1CBD-4560-876C-B14DC66133CC}.Debug|x86.Build.0 = Debug|Any CPU
		{E1AC47E7-1CBD-4560-876C-B14DC66133CC}.Release|Any CPU.ActiveCfg = Release|Any CPU
		{E1AC47E7-1CBD-4560-876C-B14DC66133CC}.Release|Any CPU.Build.0 = Release|Any CPU
		{E1AC47E7-1CBD-4560-876C-B14DC66133CC}.Release|x64.ActiveCfg = Release|Any CPU
		{E1AC47E7-1CBD-4560-876C-B14DC66133CC}.Release|x64.Build.0 = Release|Any CPU
		{E1AC47E7-1CBD-4560-876C-B14DC66133CC}.Release|x86.ActiveCfg = Release|Any CPU
		{E1AC47E7-1CBD-4560-876C-B14DC66133CC}.Release|x86.Build.0 = Release|Any CPU
		{E39D5898-690B-4B7A-91FF-37260CC5634C}.Debug|Any CPU.ActiveCfg = Debug|Any CPU
		{E39D5898-690B-4B7A-91FF-37260CC5634C}.Debug|Any CPU.Build.0 = Debug|Any CPU
		{E39D5898-690B-4B7A-91FF-37260CC5634C}.Debug|x64.ActiveCfg = Debug|Any CPU
		{E39D5898-690B-4B7A-91FF-37260CC5634C}.Debug|x64.Build.0 = Debug|Any CPU
		{E39D5898-690B-4B7A-91FF-37260CC5634C}.Debug|x86.ActiveCfg = Debug|Any CPU
		{E39D5898-690B-4B7A-91FF-37260CC5634C}.Debug|x86.Build.0 = Debug|Any CPU
		{E39D5898-690B-4B7A-91FF-37260CC5634C}.Release|Any CPU.ActiveCfg = Release|Any CPU
		{E39D5898-690B-4B7A-91FF-37260CC5634C}.Release|Any CPU.Build.0 = Release|Any CPU
		{E39D5898-690B-4B7A-91FF-37260CC5634C}.Release|x64.ActiveCfg = Release|Any CPU
		{E39D5898-690B-4B7A-91FF-37260CC5634C}.Release|x64.Build.0 = Release|Any CPU
		{E39D5898-690B-4B7A-91FF-37260CC5634C}.Release|x86.ActiveCfg = Release|Any CPU
		{E39D5898-690B-4B7A-91FF-37260CC5634C}.Release|x86.Build.0 = Release|Any CPU
	EndGlobalSection
	GlobalSection(SolutionProperties) = preSolution
		HideSolutionNode = FALSE
	EndGlobalSection
	GlobalSection(NestedProjects) = preSolution
		{83C3C2B9-5630-4FE3-A99D-72C0692F37D2} = {0AB3BF05-4346-4AA6-1389-037BE0695223}
		{E1AC47E7-1CBD-4560-876C-B14DC66133CC} = {0AB3BF05-4346-4AA6-1389-037BE0695223}
		{E39D5898-690B-4B7A-91FF-37260CC5634C} = {0AB3BF05-4346-4AA6-1389-037BE0695223}
	EndGlobalSection
EndGlobal
